
Microsoft Visual Studio Solution File, Format Version 12.00
# Visual Studio Version 17
VisualStudioVersion = 17.13.35919.96 d17.13
MinimumVisualStudioVersion = 10.0.40219.1
Project("{FAE04EC0-301F-11D3-BF4B-00C04F79EFBC}") = "Pishrafte", "Pishrafte\Pishrafte.csproj", "{2398860A-FF94-463A-9ED5-609D573FA392}"
EndProject
Global
	GlobalSection(SolutionConfigurationPlatforms) = preSolution
		Debug|Any CPU = Debug|Any CPU
		Release|Any CPU = Release|Any CPU
	EndGlobalSection
	GlobalSection(ProjectConfigurationPlatforms) = postSolution
		{2398860A-FF94-463A-9ED5-609D573FA392}.Debug|Any CPU.ActiveCfg = Debug|Any CPU
		{2398860A-FF94-463A-9ED5-609D573FA392}.Debug|Any CPU.Build.0 = Debug|Any CPU
		{2398860A-FF94-463A-9ED5-609D573FA392}.Release|Any CPU.ActiveCfg = Release|Any CPU
		{2398860A-FF94-463A-9ED5-609D573FA392}.Release|Any CPU.Build.0 = Release|Any CPU
	EndGlobalSection
	GlobalSection(SolutionProperties) = preSolution
		HideSolutionNode = FALSE
	EndGlobalSection
	GlobalSection(ExtensibilityGlobals) = postSolution
		SolutionGuid = {25E836AE-E3D9-4351-AF34-CA0D560E5C0F}
	EndGlobalSection
EndGlobal
